// !$*UTF8*$!
{
	archiveVersion = 1;
	classes = {
	};
	objectVersion = 56;
	objects = {

/* Begin PBXBuildFile section */
		446112472B182CF700E33C8D /* main.swift in Sources */ = {isa = PBXBuildFile; fileRef = 446112462B182CF700E33C8D /* main.swift */; };
		4461124F2B183DAB00E33C8D /* Day.swift in Sources */ = {isa = PBXBuildFile; fileRef = 4461124E2B183DAB00E33C8D /* Day.swift */; };
		446112552B18453000E33C8D /* Day01.swift in Sources */ = {isa = PBXBuildFile; fileRef = 446112542B18453000E33C8D /* Day01.swift */; };
		446112592B19AC9900E33C8D /* Utils.swift in Sources */ = {isa = PBXBuildFile; fileRef = 446112582B19AC9900E33C8D /* Utils.swift */; };
		446112652B1A522D00E33C8D /* Day02.swift in Sources */ = {isa = PBXBuildFile; fileRef = 446112642B1A522D00E33C8D /* Day02.swift */; };
		446112762B1CEBB400E33C8D /* Day03.swift in Sources */ = {isa = PBXBuildFile; fileRef = 446112752B1CEBB400E33C8D /* Day03.swift */; };
		4461127F2B1D008F00E33C8D /* Day04.swift in Sources */ = {isa = PBXBuildFile; fileRef = 4461127E2B1D008F00E33C8D /* Day04.swift */; };
		446112882B1D9E5700E33C8D /* Day05.swift in Sources */ = {isa = PBXBuildFile; fileRef = 446112872B1D9E5700E33C8D /* Day05.swift */; };
/* End PBXBuildFile section */

/* Begin PBXCopyFilesBuildPhase section */
		446112412B182CF700E33C8D /* CopyFiles */ = {
			isa = PBXCopyFilesBuildPhase;
			buildActionMask = 2147483647;
			dstPath = /usr/share/man/man1/;
			dstSubfolderSpec = 0;
			files = (
			);
			runOnlyForDeploymentPostprocessing = 1;
		};
/* End PBXCopyFilesBuildPhase section */

/* Begin PBXFileReference section */
		446112432B182CF700E33C8D /* advent_of_code_2023 */ = {isa = PBXFileReference; explicitFileType = "compiled.mach-o.executable"; includeInIndex = 0; path = advent_of_code_2023; sourceTree = BUILT_PRODUCTS_DIR; };
		446112462B182CF700E33C8D /* main.swift */ = {isa = PBXFileReference; lastKnownFileType = sourcecode.swift; path = main.swift; sourceTree = "<group>"; };
		4461124E2B183DAB00E33C8D /* Day.swift */ = {isa = PBXFileReference; lastKnownFileType = sourcecode.swift; path = Day.swift; sourceTree = "<group>"; };
		446112522B18451400E33C8D /* ExamplePart1In.txt */ = {isa = PBXFileReference; fileEncoding = 4; lastKnownFileType = text; path = ExamplePart1In.txt; sourceTree = "<group>"; };
		446112532B18451400E33C8D /* ExamplePart1Out.txt */ = {isa = PBXFileReference; fileEncoding = 4; lastKnownFileType = text; path = ExamplePart1Out.txt; sourceTree = "<group>"; };
		446112542B18453000E33C8D /* Day01.swift */ = {isa = PBXFileReference; lastKnownFileType = sourcecode.swift; path = Day01.swift; sourceTree = "<group>"; };
		446112562B1849BB00E33C8D /* README.md */ = {isa = PBXFileReference; fileEncoding = 4; lastKnownFileType = net.daringfireball.markdown; path = README.md; sourceTree = "<group>"; };
		446112572B19A81B00E33C8D /* Part1In.txt */ = {isa = PBXFileReference; lastKnownFileType = text; path = Part1In.txt; sourceTree = "<group>"; };
		446112582B19AC9900E33C8D /* Utils.swift */ = {isa = PBXFileReference; lastKnownFileType = sourcecode.swift; path = Utils.swift; sourceTree = "<group>"; };
		4461125A2B19B06200E33C8D /* ExamplePart2In.txt */ = {isa = PBXFileReference; lastKnownFileType = text; path = ExamplePart2In.txt; sourceTree = "<group>"; };
		4461125B2B19B07300E33C8D /* ExamplePart2Out.txt */ = {isa = PBXFileReference; lastKnownFileType = text; path = ExamplePart2Out.txt; sourceTree = "<group>"; };
		4461125C2B19B0C700E33C8D /* Part2In.txt */ = {isa = PBXFileReference; lastKnownFileType = text; path = Part2In.txt; sourceTree = "<group>"; };
		4461125E2B1A521600E33C8D /* ExamplePart2Out.txt */ = {isa = PBXFileReference; fileEncoding = 4; lastKnownFileType = text; path = ExamplePart2Out.txt; sourceTree = "<group>"; };
		4461125F2B1A521600E33C8D /* Part2In.txt */ = {isa = PBXFileReference; fileEncoding = 4; lastKnownFileType = text; path = Part2In.txt; sourceTree = "<group>"; };
		446112602B1A521600E33C8D /* ExamplePart1Out.txt */ = {isa = PBXFileReference; fileEncoding = 4; lastKnownFileType = text; path = ExamplePart1Out.txt; sourceTree = "<group>"; };
		446112612B1A521600E33C8D /* Part1In.txt */ = {isa = PBXFileReference; fileEncoding = 4; lastKnownFileType = text; path = Part1In.txt; sourceTree = "<group>"; };
		446112622B1A521600E33C8D /* ExamplePart1In.txt */ = {isa = PBXFileReference; fileEncoding = 4; lastKnownFileType = text; path = ExamplePart1In.txt; sourceTree = "<group>"; };
		446112632B1A521600E33C8D /* ExamplePart2In.txt */ = {isa = PBXFileReference; fileEncoding = 4; lastKnownFileType = text; path = ExamplePart2In.txt; sourceTree = "<group>"; };
		446112642B1A522D00E33C8D /* Day02.swift */ = {isa = PBXFileReference; lastKnownFileType = sourcecode.swift; path = Day02.swift; sourceTree = "<group>"; };
		4461126F2B1B0A0500E33C8D /* Part2In.txt */ = {isa = PBXFileReference; fileEncoding = 4; lastKnownFileType = text; path = Part2In.txt; sourceTree = "<group>"; };
		446112702B1B0A0500E33C8D /* Part1In.txt */ = {isa = PBXFileReference; fileEncoding = 4; lastKnownFileType = text; path = Part1In.txt; sourceTree = "<group>"; };
		446112712B1B0A0500E33C8D /* ExamplePart1Out.txt */ = {isa = PBXFileReference; fileEncoding = 4; lastKnownFileType = text; path = ExamplePart1Out.txt; sourceTree = "<group>"; };
		446112722B1B0A0500E33C8D /* ExamplePart1In.txt */ = {isa = PBXFileReference; fileEncoding = 4; lastKnownFileType = text; path = ExamplePart1In.txt; sourceTree = "<group>"; };
		446112732B1B0A0500E33C8D /* ExamplePart2In.txt */ = {isa = PBXFileReference; fileEncoding = 4; lastKnownFileType = text; path = ExamplePart2In.txt; sourceTree = "<group>"; };
		446112742B1B0A0500E33C8D /* ExamplePart2Out.txt */ = {isa = PBXFileReference; fileEncoding = 4; lastKnownFileType = text; path = ExamplePart2Out.txt; sourceTree = "<group>"; };
		446112752B1CEBB400E33C8D /* Day03.swift */ = {isa = PBXFileReference; lastKnownFileType = sourcecode.swift; path = Day03.swift; sourceTree = "<group>"; };
		446112782B1D008300E33C8D /* ExamplePart1Out.txt */ = {isa = PBXFileReference; fileEncoding = 4; lastKnownFileType = text; path = ExamplePart1Out.txt; sourceTree = "<group>"; };
		446112792B1D008300E33C8D /* ExamplePart2Out.txt */ = {isa = PBXFileReference; fileEncoding = 4; lastKnownFileType = text; path = ExamplePart2Out.txt; sourceTree = "<group>"; };
		4461127A2B1D008300E33C8D /* ExamplePart1In.txt */ = {isa = PBXFileReference; fileEncoding = 4; lastKnownFileType = text; path = ExamplePart1In.txt; sourceTree = "<group>"; };
		4461127B2B1D008300E33C8D /* ExamplePart2In.txt */ = {isa = PBXFileReference; fileEncoding = 4; lastKnownFileType = text; path = ExamplePart2In.txt; sourceTree = "<group>"; };
		4461127C2B1D008300E33C8D /* Part2In.txt */ = {isa = PBXFileReference; fileEncoding = 4; lastKnownFileType = text; path = Part2In.txt; sourceTree = "<group>"; };
		4461127D2B1D008300E33C8D /* Part1In.txt */ = {isa = PBXFileReference; fileEncoding = 4; lastKnownFileType = text; path = Part1In.txt; sourceTree = "<group>"; };
		4461127E2B1D008F00E33C8D /* Day04.swift */ = {isa = PBXFileReference; lastKnownFileType = sourcecode.swift; path = Day04.swift; sourceTree = "<group>"; };
		446112812B1D9E4900E33C8D /* ExamplePart2Out.txt */ = {isa = PBXFileReference; fileEncoding = 4; lastKnownFileType = text; path = ExamplePart2Out.txt; sourceTree = "<group>"; };
		446112822B1D9E4900E33C8D /* Part2In.txt */ = {isa = PBXFileReference; fileEncoding = 4; lastKnownFileType = text; path = Part2In.txt; sourceTree = "<group>"; };
		446112832B1D9E4900E33C8D /* Part1In.txt */ = {isa = PBXFileReference; fileEncoding = 4; lastKnownFileType = text; path = Part1In.txt; sourceTree = "<group>"; };
		446112842B1D9E4900E33C8D /* ExamplePart1In.txt */ = {isa = PBXFileReference; fileEncoding = 4; lastKnownFileType = text; path = ExamplePart1In.txt; sourceTree = "<group>"; };
		446112852B1D9E4900E33C8D /* ExamplePart1Out.txt */ = {isa = PBXFileReference; fileEncoding = 4; lastKnownFileType = text; path = ExamplePart1Out.txt; sourceTree = "<group>"; };
		446112862B1D9E4900E33C8D /* ExamplePart2In.txt */ = {isa = PBXFileReference; fileEncoding = 4; lastKnownFileType = text; path = ExamplePart2In.txt; sourceTree = "<group>"; };
		446112872B1D9E5700E33C8D /* Day05.swift */ = {isa = PBXFileReference; lastKnownFileType = sourcecode.swift; path = Day05.swift; sourceTree = "<group>"; };
/* End PBXFileReference section */

/* Begin PBXFrameworksBuildPhase section */
		446112402B182CF700E33C8D /* Frameworks */ = {
			isa = PBXFrameworksBuildPhase;
			buildActionMask = 2147483647;
			files = (
			);
			runOnlyForDeploymentPostprocessing = 0;
		};
/* End PBXFrameworksBuildPhase section */

/* Begin PBXGroup section */
		4461123A2B182CF700E33C8D = {
			isa = PBXGroup;
			children = (
				446112582B19AC9900E33C8D /* Utils.swift */,
				446112562B1849BB00E33C8D /* README.md */,
				446112502B183DFE00E33C8D /* Resources */,
				4461124D2B183D9600E33C8D /* Solutions */,
				446112462B182CF700E33C8D /* main.swift */,
				446112442B182CF700E33C8D /* Products */,
			);
			sourceTree = "<group>";
		};
		446112442B182CF700E33C8D /* Products */ = {
			isa = PBXGroup;
			children = (
				446112432B182CF700E33C8D /* advent_of_code_2023 */,
			);
			name = Products;
			sourceTree = "<group>";
		};
		4461124D2B183D9600E33C8D /* Solutions */ = {
			isa = PBXGroup;
			children = (
				4461124E2B183DAB00E33C8D /* Day.swift */,
				446112542B18453000E33C8D /* Day01.swift */,
				446112642B1A522D00E33C8D /* Day02.swift */,
				446112752B1CEBB400E33C8D /* Day03.swift */,
				4461127E2B1D008F00E33C8D /* Day04.swift */,
				446112872B1D9E5700E33C8D /* Day05.swift */,
			);
			path = Solutions;
			sourceTree = "<group>";
		};
		446112502B183DFE00E33C8D /* Resources */ = {
			isa = PBXGroup;
			children = (
				446112802B1D9E1F00E33C8D /* Day05 */,
				446112772B1D005D00E33C8D /* Day04 */,
				4461126E2B1B09E500E33C8D /* Day03 */,
				4461125D2B1A51EA00E33C8D /* Day02 */,
				446112512B18443700E33C8D /* Day01 */,
			);
			path = Resources;
			sourceTree = "<group>";
		};
		446112512B18443700E33C8D /* Day01 */ = {
			isa = PBXGroup;
			children = (
				446112522B18451400E33C8D /* ExamplePart1In.txt */,
				446112532B18451400E33C8D /* ExamplePart1Out.txt */,
				446112572B19A81B00E33C8D /* Part1In.txt */,
				4461125A2B19B06200E33C8D /* ExamplePart2In.txt */,
				4461125B2B19B07300E33C8D /* ExamplePart2Out.txt */,
				4461125C2B19B0C700E33C8D /* Part2In.txt */,
			);
			path = Day01;
			sourceTree = "<group>";
		};
		4461125D2B1A51EA00E33C8D /* Day02 */ = {
			isa = PBXGroup;
			children = (
				446112622B1A521600E33C8D /* ExamplePart1In.txt */,
				446112602B1A521600E33C8D /* ExamplePart1Out.txt */,
				446112632B1A521600E33C8D /* ExamplePart2In.txt */,
				4461125E2B1A521600E33C8D /* ExamplePart2Out.txt */,
				446112612B1A521600E33C8D /* Part1In.txt */,
				4461125F2B1A521600E33C8D /* Part2In.txt */,
			);
			path = Day02;
			sourceTree = "<group>";
		};
		4461126E2B1B09E500E33C8D /* Day03 */ = {
			isa = PBXGroup;
			children = (
				446112722B1B0A0500E33C8D /* ExamplePart1In.txt */,
				446112712B1B0A0500E33C8D /* ExamplePart1Out.txt */,
				446112732B1B0A0500E33C8D /* ExamplePart2In.txt */,
				446112742B1B0A0500E33C8D /* ExamplePart2Out.txt */,
				446112702B1B0A0500E33C8D /* Part1In.txt */,
				4461126F2B1B0A0500E33C8D /* Part2In.txt */,
			);
			path = Day03;
			sourceTree = "<group>";
		};
		446112772B1D005D00E33C8D /* Day04 */ = {
			isa = PBXGroup;
			children = (
				4461127A2B1D008300E33C8D /* ExamplePart1In.txt */,
				446112782B1D008300E33C8D /* ExamplePart1Out.txt */,
				4461127B2B1D008300E33C8D /* ExamplePart2In.txt */,
				446112792B1D008300E33C8D /* ExamplePart2Out.txt */,
				4461127D2B1D008300E33C8D /* Part1In.txt */,
				4461127C2B1D008300E33C8D /* Part2In.txt */,
			);
			path = Day04;
			sourceTree = "<group>";
		};
		446112802B1D9E1F00E33C8D /* Day05 */ = {
			isa = PBXGroup;
			children = (
				446112842B1D9E4900E33C8D /* ExamplePart1In.txt */,
				446112852B1D9E4900E33C8D /* ExamplePart1Out.txt */,
				446112862B1D9E4900E33C8D /* ExamplePart2In.txt */,
				446112812B1D9E4900E33C8D /* ExamplePart2Out.txt */,
				446112832B1D9E4900E33C8D /* Part1In.txt */,
				446112822B1D9E4900E33C8D /* Part2In.txt */,
			);
			path = Day05;
			sourceTree = "<group>";
		};
/* End PBXGroup section */

/* Begin PBXNativeTarget section */
		446112422B182CF700E33C8D /* advent_of_code_2023 */ = {
			isa = PBXNativeTarget;
			buildConfigurationList = 4461124A2B182CF700E33C8D /* Build configuration list for PBXNativeTarget "advent_of_code_2023" */;
			buildPhases = (
				4461123F2B182CF700E33C8D /* Sources */,
				446112402B182CF700E33C8D /* Frameworks */,
				446112412B182CF700E33C8D /* CopyFiles */,
			);
			buildRules = (
			);
			dependencies = (
			);
			name = advent_of_code_2023;
			productName = advent_of_code_2023;
			productReference = 446112432B182CF700E33C8D /* advent_of_code_2023 */;
			productType = "com.apple.product-type.tool";
		};
/* End PBXNativeTarget section */

/* Begin PBXProject section */
		4461123B2B182CF700E33C8D /* Project object */ = {
			isa = PBXProject;
			attributes = {
				BuildIndependentTargetsInParallel = 1;
				LastSwiftUpdateCheck = 1430;
				LastUpgradeCheck = 1430;
				TargetAttributes = {
					446112422B182CF700E33C8D = {
						CreatedOnToolsVersion = 14.3.1;
					};
				};
			};
			buildConfigurationList = 4461123E2B182CF700E33C8D /* Build configuration list for PBXProject "advent_of_code_2023" */;
			compatibilityVersion = "Xcode 14.0";
			developmentRegion = en;
			hasScannedForEncodings = 0;
			knownRegions = (
				en,
				Base,
			);
			mainGroup = 4461123A2B182CF700E33C8D;
			productRefGroup = 446112442B182CF700E33C8D /* Products */;
			projectDirPath = "";
			projectRoot = "";
			targets = (
				446112422B182CF700E33C8D /* advent_of_code_2023 */,
			);
		};
/* End PBXProject section */

/* Begin PBXSourcesBuildPhase section */
		4461123F2B182CF700E33C8D /* Sources */ = {
			isa = PBXSourcesBuildPhase;
			buildActionMask = 2147483647;
			files = (
				446112762B1CEBB400E33C8D /* Day03.swift in Sources */,
				446112882B1D9E5700E33C8D /* Day05.swift in Sources */,
				4461124F2B183DAB00E33C8D /* Day.swift in Sources */,
				446112472B182CF700E33C8D /* main.swift in Sources */,
				446112652B1A522D00E33C8D /* Day02.swift in Sources */,
				4461127F2B1D008F00E33C8D /* Day04.swift in Sources */,
				446112552B18453000E33C8D /* Day01.swift in Sources */,
				446112592B19AC9900E33C8D /* Utils.swift in Sources */,
			);
			runOnlyForDeploymentPostprocessing = 0;
		};
/* End PBXSourcesBuildPhase section */

/* Begin XCBuildConfiguration section */
		446112482B182CF700E33C8D /* Debug */ = {
			isa = XCBuildConfiguration;
			buildSettings = {
				ALWAYS_SEARCH_USER_PATHS = NO;
				CLANG_ANALYZER_NONNULL = YES;
				CLANG_ANALYZER_NUMBER_OBJECT_CONVERSION = YES_AGGRESSIVE;
				CLANG_CXX_LANGUAGE_STANDARD = "gnu++20";
				CLANG_ENABLE_MODULES = YES;
				CLANG_ENABLE_OBJC_ARC = YES;
				CLANG_ENABLE_OBJC_WEAK = YES;
				CLANG_WARN_BLOCK_CAPTURE_AUTORELEASING = YES;
				CLANG_WARN_BOOL_CONVERSION = YES;
				CLANG_WARN_COMMA = YES;
				CLANG_WARN_CONSTANT_CONVERSION = YES;
				CLANG_WARN_DEPRECATED_OBJC_IMPLEMENTATIONS = YES;
				CLANG_WARN_DIRECT_OBJC_ISA_USAGE = YES_ERROR;
				CLANG_WARN_DOCUMENTATION_COMMENTS = YES;
				CLANG_WARN_EMPTY_BODY = YES;
				CLANG_WARN_ENUM_CONVERSION = YES;
				CLANG_WARN_INFINITE_RECURSION = YES;
				CLANG_WARN_INT_CONVERSION = YES;
				CLANG_WARN_NON_LITERAL_NULL_CONVERSION = YES;
				CLANG_WARN_OBJC_IMPLICIT_RETAIN_SELF = YES;
				CLANG_WARN_OBJC_LITERAL_CONVERSION = YES;
				CLANG_WARN_OBJC_ROOT_CLASS = YES_ERROR;
				CLANG_WARN_QUOTED_INCLUDE_IN_FRAMEWORK_HEADER = YES;
				CLANG_WARN_RANGE_LOOP_ANALYSIS = YES;
				CLANG_WARN_STRICT_PROTOTYPES = YES;
				CLANG_WARN_SUSPICIOUS_MOVE = YES;
				CLANG_WARN_UNGUARDED_AVAILABILITY = YES_AGGRESSIVE;
				CLANG_WARN_UNREACHABLE_CODE = YES;
				CLANG_WARN__DUPLICATE_METHOD_MATCH = YES;
				COPY_PHASE_STRIP = NO;
				DEBUG_INFORMATION_FORMAT = dwarf;
				ENABLE_STRICT_OBJC_MSGSEND = YES;
				ENABLE_TESTABILITY = YES;
				GCC_C_LANGUAGE_STANDARD = gnu11;
				GCC_DYNAMIC_NO_PIC = NO;
				GCC_NO_COMMON_BLOCKS = YES;
				GCC_OPTIMIZATION_LEVEL = 0;
				GCC_PREPROCESSOR_DEFINITIONS = (
					"DEBUG=1",
					"$(inherited)",
				);
				GCC_WARN_64_TO_32_BIT_CONVERSION = YES;
				GCC_WARN_ABOUT_RETURN_TYPE = YES_ERROR;
				GCC_WARN_UNDECLARED_SELECTOR = YES;
				GCC_WARN_UNINITIALIZED_AUTOS = YES_AGGRESSIVE;
				GCC_WARN_UNUSED_FUNCTION = YES;
				GCC_WARN_UNUSED_VARIABLE = YES;
				MACOSX_DEPLOYMENT_TARGET = 13.3;
				MTL_ENABLE_DEBUG_INFO = INCLUDE_SOURCE;
				MTL_FAST_MATH = YES;
				ONLY_ACTIVE_ARCH = YES;
				SDKROOT = macosx;
				SWIFT_ACTIVE_COMPILATION_CONDITIONS = DEBUG;
				SWIFT_OPTIMIZATION_LEVEL = "-Onone";
			};
			name = Debug;
		};
		446112492B182CF700E33C8D /* Release */ = {
			isa = XCBuildConfiguration;
			buildSettings = {
				ALWAYS_SEARCH_USER_PATHS = NO;
				CLANG_ANALYZER_NONNULL = YES;
				CLANG_ANALYZER_NUMBER_OBJECT_CONVERSION = YES_AGGRESSIVE;
				CLANG_CXX_LANGUAGE_STANDARD = "gnu++20";
				CLANG_ENABLE_MODULES = YES;
				CLANG_ENABLE_OBJC_ARC = YES;
				CLANG_ENABLE_OBJC_WEAK = YES;
				CLANG_WARN_BLOCK_CAPTURE_AUTORELEASING = YES;
				CLANG_WARN_BOOL_CONVERSION = YES;
				CLANG_WARN_COMMA = YES;
				CLANG_WARN_CONSTANT_CONVERSION = YES;
				CLANG_WARN_DEPRECATED_OBJC_IMPLEMENTATIONS = YES;
				CLANG_WARN_DIRECT_OBJC_ISA_USAGE = YES_ERROR;
				CLANG_WARN_DOCUMENTATION_COMMENTS = YES;
				CLANG_WARN_EMPTY_BODY = YES;
				CLANG_WARN_ENUM_CONVERSION = YES;
				CLANG_WARN_INFINITE_RECURSION = YES;
				CLANG_WARN_INT_CONVERSION = YES;
				CLANG_WARN_NON_LITERAL_NULL_CONVERSION = YES;
				CLANG_WARN_OBJC_IMPLICIT_RETAIN_SELF = YES;
				CLANG_WARN_OBJC_LITERAL_CONVERSION = YES;
				CLANG_WARN_OBJC_ROOT_CLASS = YES_ERROR;
				CLANG_WARN_QUOTED_INCLUDE_IN_FRAMEWORK_HEADER = YES;
				CLANG_WARN_RANGE_LOOP_ANALYSIS = YES;
				CLANG_WARN_STRICT_PROTOTYPES = YES;
				CLANG_WARN_SUSPICIOUS_MOVE = YES;
				CLANG_WARN_UNGUARDED_AVAILABILITY = YES_AGGRESSIVE;
				CLANG_WARN_UNREACHABLE_CODE = YES;
				CLANG_WARN__DUPLICATE_METHOD_MATCH = YES;
				COPY_PHASE_STRIP = NO;
				DEBUG_INFORMATION_FORMAT = "dwarf-with-dsym";
				ENABLE_NS_ASSERTIONS = NO;
				ENABLE_STRICT_OBJC_MSGSEND = YES;
				GCC_C_LANGUAGE_STANDARD = gnu11;
				GCC_NO_COMMON_BLOCKS = YES;
				GCC_WARN_64_TO_32_BIT_CONVERSION = YES;
				GCC_WARN_ABOUT_RETURN_TYPE = YES_ERROR;
				GCC_WARN_UNDECLARED_SELECTOR = YES;
				GCC_WARN_UNINITIALIZED_AUTOS = YES_AGGRESSIVE;
				GCC_WARN_UNUSED_FUNCTION = YES;
				GCC_WARN_UNUSED_VARIABLE = YES;
				MACOSX_DEPLOYMENT_TARGET = 13.3;
				MTL_ENABLE_DEBUG_INFO = NO;
				MTL_FAST_MATH = YES;
				SDKROOT = macosx;
				SWIFT_COMPILATION_MODE = wholemodule;
				SWIFT_OPTIMIZATION_LEVEL = "-O";
			};
			name = Release;
		};
		4461124B2B182CF700E33C8D /* Debug */ = {
			isa = XCBuildConfiguration;
			buildSettings = {
				CODE_SIGN_STYLE = Automatic;
				PRODUCT_NAME = "$(TARGET_NAME)";
				SWIFT_VERSION = 5.0;
			};
			name = Debug;
		};
		4461124C2B182CF700E33C8D /* Release */ = {
			isa = XCBuildConfiguration;
			buildSettings = {
				CODE_SIGN_STYLE = Automatic;
				PRODUCT_NAME = "$(TARGET_NAME)";
				SWIFT_VERSION = 5.0;
			};
			name = Release;
		};
/* End XCBuildConfiguration section */

/* Begin XCConfigurationList section */
		4461123E2B182CF700E33C8D /* Build configuration list for PBXProject "advent_of_code_2023" */ = {
			isa = XCConfigurationList;
			buildConfigurations = (
				446112482B182CF700E33C8D /* Debug */,
				446112492B182CF700E33C8D /* Release */,
			);
			defaultConfigurationIsVisible = 0;
			defaultConfigurationName = Release;
		};
		4461124A2B182CF700E33C8D /* Build configuration list for PBXNativeTarget "advent_of_code_2023" */ = {
			isa = XCConfigurationList;
			buildConfigurations = (
				4461124B2B182CF700E33C8D /* Debug */,
				4461124C2B182CF700E33C8D /* Release */,
			);
			defaultConfigurationIsVisible = 0;
			defaultConfigurationName = Release;
		};
/* End XCConfigurationList section */
	};
	rootObject = 4461123B2B182CF700E33C8D /* Project object */;
}
